{
  "version": "3",
  "packages": {
    "specifiers": {
      "npm:chalk@5.2.0": "npm:chalk@5.2.0",
      "npm:cli-highlight@2.1.11": "npm:cli-highlight@2.1.11",
      "npm:marked-terminal@5.1.1": "npm:marked-terminal@5.1.1_marked@4.2.12",
      "npm:marked@4.2.12": "npm:marked@4.2.12",
      "npm:ora@5.4.1": "npm:ora@5.4.1"
    },
    "npm": {
      "@colors/colors@1.5.0": {
        "integrity": "sha512-ooWCrlZP11i8GImSjTHYHLkvFDP48nS4+204nGb1RiX/WXYHmJA2III9/e2DWVabCESdW7hBAEzHRqUn9OUVvQ==",
        "dependencies": {}
      },
      "ansi-escapes@5.0.0": {
        "integrity": "sha512-5GFMVX8HqE/TB+FuBJGuO5XG0WrsA6ptUqoODaT/n9mmUaZFkqnBueB4leqGBCmrUHnCnC4PCZTCd0E7QQ83bA==",
        "dependencies": {
          "type-fest": "type-fest@1.4.0"
        }
      },
      "ansi-regex@5.0.1": {
        "integrity": "sha512-quJQXlTSUGL2LH9SUXo8VwsY4soanhgo6LNSm84E1LBcE8s3O0wpdiRzyR9z/ZZJMlMWv37qOOb9pdJlMUEKFQ==",
        "dependencies": {}
      },
      "ansi-styles@4.3.0": {
        "integrity": "sha512-zbB9rCJAT1rbjiVDb2hqKFHNYLxgtk8NURxZ3IZwD3F6NtxbXZQCnnSi1Lkx+IDohdPlFp222wVALIheZJQSEg==",
        "dependencies": {
          "color-convert": "color-convert@2.0.1"
        }
      },
      "ansicolors@0.3.2": {
        "integrity": "sha512-QXu7BPrP29VllRxH8GwB7x5iX5qWKAAMLqKQGWTeLWVlNHNOpVMJ91dsxQAIWXpjuW5wqvxu3Jd/nRjrJ+0pqg==",
        "dependencies": {}
      },
      "any-promise@1.3.0": {
        "integrity": "sha512-7UvmKalWRt1wgjL1RrGxoSJW/0QZFIegpeGvZG9kjp8vrRu55XTHbwnqq2GpXm9uLbcuhxm3IqX9OB4MZR1b2A==",
        "dependencies": {}
      },
      "base64-js@1.5.1": {
        "integrity": "sha512-AKpaYlHn8t4SVbOHCy+b5+KKgvR4vrsD8vbvrbiQJps7fKDTkjkDry6ji0rUJjC0kzbNePLwzxq8iypo41qeWA==",
        "dependencies": {}
      },
      "bl@4.1.0": {
        "integrity": "sha512-1W07cM9gS6DcLperZfFSj+bWLtaPGSOHWhPiGzXmvVJbRLdG82sH/Kn8EtW1VqWVA54AKf2h5k5BbnIbwF3h6w==",
        "dependencies": {
          "buffer": "buffer@5.7.1",
          "inherits": "inherits@2.0.4",
          "readable-stream": "readable-stream@3.6.2"
        }
      },
      "buffer@5.7.1": {
        "integrity": "sha512-EHcyIPBQ4BSGlvjB16k5KgAJ27CIsHY/2JBmCRReo48y9rQ3MaUzWX3KVlBa4U7MyX02HdVj0K7C3WaB3ju7FQ==",
        "dependencies": {
          "base64-js": "base64-js@1.5.1",
          "ieee754": "ieee754@1.2.1"
        }
      },
      "cardinal@2.1.1": {
        "integrity": "sha512-JSr5eOgoEymtYHBjNWyjrMqet9Am2miJhlfKNdqLp6zoeAh0KN5dRAcxlecj5mAJrmQomgiOBj35xHLrFjqBpw==",
        "dependencies": {
          "ansicolors": "ansicolors@0.3.2",
          "redeyed": "redeyed@2.1.1"
        }
      },
      "chalk@4.1.2": {
        "integrity": "sha512-oKnbhFyRIXpUuez8iBMmyEa4nbj4IOQyuhc/wy9kY7/WVPcwIO9VA668Pu8RkO7+0G76SLROeyw9CpQ061i4mA==",
        "dependencies": {
          "ansi-styles": "ansi-styles@4.3.0",
          "supports-color": "supports-color@7.2.0"
        }
      },
      "chalk@5.2.0": {
        "integrity": "sha512-ree3Gqw/nazQAPuJJEy+avdl7QfZMcUvmHIKgEZkGL+xOBzRvup5Hxo6LHuMceSxOabuJLJm5Yp/92R9eMmMvA==",
        "dependencies": {}
      },
      "cli-cursor@3.1.0": {
        "integrity": "sha512-I/zHAwsKf9FqGoXM4WWRACob9+SNukZTd94DWF57E4toouRulbCxcUh6RKUEOQlYTHJnzkPMySvPNaaSLNfLZw==",
        "dependencies": {
          "restore-cursor": "restore-cursor@3.1.0"
        }
      },
      "cli-highlight@2.1.11": {
        "integrity": "sha512-9KDcoEVwyUXrjcJNvHD0NFc/hiwe/WPVYIleQh2O1N2Zro5gWJZ/K+3DGn8w8P/F6FxOgzyC5bxDyHIgCSPhGg==",
        "dependencies": {
          "chalk": "chalk@4.1.2",
          "highlight.js": "highlight.js@10.7.3",
          "mz": "mz@2.7.0",
          "parse5": "parse5@5.1.1",
          "parse5-htmlparser2-tree-adapter": "parse5-htmlparser2-tree-adapter@6.0.1",
          "yargs": "yargs@16.2.0"
        }
      },
      "cli-spinners@2.9.1": {
        "integrity": "sha512-jHgecW0pxkonBJdrKsqxgRX9AcG+u/5k0Q7WPDfi8AogLAdwxEkyYYNWwZ5GvVFoFx2uiY1eNcSK00fh+1+FyQ==",
        "dependencies": {}
      },
      "cli-table3@0.6.3": {
        "integrity": "sha512-w5Jac5SykAeZJKntOxJCrm63Eg5/4dhMWIcuTbo9rpE+brgaSZo0RuNJZeOyMgsUdhDeojvgyQLmjI+K50ZGyg==",
        "dependencies": {
          "@colors/colors": "@colors/colors@1.5.0",
          "string-width": "string-width@4.2.3"
        }
      },
      "cliui@7.0.4": {
        "integrity": "sha512-OcRE68cOsVMXp1Yvonl/fzkQOyjLSu/8bhPDfQt0e0/Eb283TKP20Fs2MqoPsr9SwA595rRCA+QMzYc9nBP+JQ==",
        "dependencies": {
          "string-width": "string-width@4.2.3",
          "strip-ansi": "strip-ansi@6.0.1",
          "wrap-ansi": "wrap-ansi@7.0.0"
        }
      },
      "clone@1.0.4": {
        "integrity": "sha512-JQHZ2QMW6l3aH/j6xCqQThY/9OH4D/9ls34cgkUBiEeocRTU04tHfKPBsUK1PqZCUQM7GiA0IIXJSuXHI64Kbg==",
        "dependencies": {}
      },
      "color-convert@2.0.1": {
        "integrity": "sha512-RRECPsj7iu/xb5oKYcsFHSppFNnsj/52OVTRKb4zP5onXwVF3zVmmToNcOfGC+CRDpfK/U584fMg38ZHCaElKQ==",
        "dependencies": {
          "color-name": "color-name@1.1.4"
        }
      },
      "color-name@1.1.4": {
        "integrity": "sha512-dOy+3AuW3a2wNbZHIuMZpTcgjGuLU/uBL/ubcZF9OXbDo8ff4O8yVp5Bf0efS8uEoYo5q4Fx7dY9OgQGXgAsQA==",
        "dependencies": {}
      },
      "defaults@1.0.4": {
        "integrity": "sha512-eFuaLoy/Rxalv2kr+lqMlUnrDWV+3j4pljOIJgLIhI058IQfWJ7vXhyEIHu+HtC738klGALYxOKDO0bQP3tg8A==",
        "dependencies": {
          "clone": "clone@1.0.4"
        }
      },
      "emoji-regex@8.0.0": {
        "integrity": "sha512-MSjYzcWNOA0ewAHpz0MxpYFvwg6yjy1NG3xteoqz644VCo/RPgnr1/GGt+ic3iJTzQ8Eu3TdM14SawnVUmGE6A==",
        "dependencies": {}
      },
      "escalade@3.1.1": {
        "integrity": "sha512-k0er2gUkLf8O0zKJiAhmkTnJlTvINGv7ygDNPbeIsX/TJjGJZHuh9B2UxbsaEkmlEo9MfhrSzmhIlhRlI2GXnw==",
        "dependencies": {}
      },
      "esprima@4.0.1": {
        "integrity": "sha512-eGuFFw7Upda+g4p+QHvnW0RyTX/SVeJBDM/gCtMARO0cLuT2HcEKnTPvhjV6aGeqrCB/sbNop0Kszm0jsaWU4A==",
        "dependencies": {}
      },
      "get-caller-file@2.0.5": {
        "integrity": "sha512-DyFP3BM/3YHTQOCUL/w0OZHR0lpKeGrxotcHWcqNEdnltqFwXVfhEBQ94eIo34AfQpo0rGki4cyIiftY06h2Fg==",
        "dependencies": {}
      },
      "has-flag@4.0.0": {
        "integrity": "sha512-EykJT/Q1KjTWctppgIAgfSO0tKVuZUjhgMr17kqTumMl6Afv3EISleU7qZUzoXDFTAHTDC4NOoG/ZxU3EvlMPQ==",
        "dependencies": {}
      },
      "highlight.js@10.7.3": {
        "integrity": "sha512-tzcUFauisWKNHaRkN4Wjl/ZA07gENAjFl3J/c480dprkGTg5EQstgaNFqBfUqCq54kZRIEcreTsAgF/m2quD7A==",
        "dependencies": {}
      },
      "ieee754@1.2.1": {
        "integrity": "sha512-dcyqhDvX1C46lXZcVqCpK+FtMRQVdIMN6/Df5js2zouUsqG7I6sFxitIC+7KYK29KdXOLHdu9zL4sFnoVQnqaA==",
        "dependencies": {}
      },
      "inherits@2.0.4": {
        "integrity": "sha512-k/vGaX4/Yla3WzyMCvTQOXYeIHvqOKtnqBduzTHpzpQZzAskKMhZ2K+EnBiSM9zGSoIFeMpXKxa4dYeZIQqewQ==",
        "dependencies": {}
      },
      "is-fullwidth-code-point@3.0.0": {
        "integrity": "sha512-zymm5+u+sCsSWyD9qNaejV3DFvhCKclKdizYaJUuHA83RLjb7nSuGnddCHGv0hk+KY7BMAlsWeK4Ueg6EV6XQg==",
        "dependencies": {}
      },
      "is-interactive@1.0.0": {
        "integrity": "sha512-2HvIEKRoqS62guEC+qBjpvRubdX910WCMuJTZ+I9yvqKU2/12eSL549HMwtabb4oupdj2sMP50k+XJfB/8JE6w==",
        "dependencies": {}
      },
      "is-unicode-supported@0.1.0": {
        "integrity": "sha512-knxG2q4UC3u8stRGyAVJCOdxFmv5DZiRcdlIaAQXAbSfJya+OhopNotLQrstBhququ4ZpuKbDc/8S6mgXgPFPw==",
        "dependencies": {}
      },
      "lodash@4.17.21": {
        "integrity": "sha512-v2kDEe57lecTulaDIuNTPy3Ry4gLGJ6Z1O3vE1krgXZNrsQ+LFTGHVxVjcXPs17LhbZVGedAJv8XZ1tvj5FvSg==",
        "dependencies": {}
      },
      "log-symbols@4.1.0": {
        "integrity": "sha512-8XPvpAA8uyhfteu8pIvQxpJZ7SYYdpUivZpGy6sFsBuKRY/7rQGavedeB8aK+Zkyq6upMFVL/9AW6vOYzfRyLg==",
        "dependencies": {
          "chalk": "chalk@4.1.2",
          "is-unicode-supported": "is-unicode-supported@0.1.0"
        }
      },
      "marked-terminal@5.1.1_marked@4.2.12": {
        "integrity": "sha512-+cKTOx9P4l7HwINYhzbrBSyzgxO2HaHKGZGuB1orZsMIgXYaJyfidT81VXRdpelW/PcHEWxywscePVgI/oUF6g==",
        "dependencies": {
          "ansi-escapes": "ansi-escapes@5.0.0",
          "cardinal": "cardinal@2.1.1",
          "chalk": "chalk@5.2.0",
          "cli-table3": "cli-table3@0.6.3",
          "marked": "marked@4.2.12",
          "node-emoji": "node-emoji@1.11.0",
          "supports-hyperlinks": "supports-hyperlinks@2.3.0"
        }
      },
      "marked@4.2.12": {
        "integrity": "sha512-yr8hSKa3Fv4D3jdZmtMMPghgVt6TWbk86WQaWhDloQjRSQhMMYCAro7jP7VDJrjjdV8pxVxMssXS8B8Y5DZ5aw==",
        "dependencies": {}
      },
      "mimic-fn@2.1.0": {
        "integrity": "sha512-OqbOk5oEQeAZ8WXWydlu9HJjz9WVdEIvamMCcXmuqUYjTknH/sqsWvhQ3vgwKFRR1HpjvNBKQ37nbJgYzGqGcg==",
        "dependencies": {}
      },
      "mz@2.7.0": {
        "integrity": "sha512-z81GNO7nnYMEhrGh9LeymoE4+Yr0Wn5McHIZMK5cfQCl+NDX08sCZgUc9/6MHni9IWuFLm1Z3HTCXu2z9fN62Q==",
        "dependencies": {
          "any-promise": "any-promise@1.3.0",
          "object-assign": "object-assign@4.1.1",
          "thenify-all": "thenify-all@1.6.0"
        }
      },
      "node-emoji@1.11.0": {
        "integrity": "sha512-wo2DpQkQp7Sjm2A0cq+sN7EHKO6Sl0ctXeBdFZrL9T9+UywORbufTcTZxom8YqpLQt/FqNMUkOpkZrJVYSKD3A==",
        "dependencies": {
          "lodash": "lodash@4.17.21"
        }
      },
      "object-assign@4.1.1": {
        "integrity": "sha512-rJgTQnkUnH1sFw8yT6VSU3zD3sWmu6sZhIseY8VX+GRu3P6F7Fu+JNDoXfklElbLJSnc3FUQHVe4cU5hj+BcUg==",
        "dependencies": {}
      },
      "onetime@5.1.2": {
        "integrity": "sha512-kbpaSSGJTWdAY5KPVeMOKXSrPtr8C8C7wodJbcsd51jRnmD+GZu8Y0VoU6Dm5Z4vWr0Ig/1NKuWRKf7j5aaYSg==",
        "dependencies": {
          "mimic-fn": "mimic-fn@2.1.0"
        }
      },
      "ora@5.4.1": {
        "integrity": "sha512-5b6Y85tPxZZ7QytO+BQzysW31HJku27cRIlkbAXaNx+BdcVi+LlRFmVXzeF6a7JCwJpyw5c4b+YSVImQIrBpuQ==",
        "dependencies": {
          "bl": "bl@4.1.0",
          "chalk": "chalk@4.1.2",
          "cli-cursor": "cli-cursor@3.1.0",
          "cli-spinners": "cli-spinners@2.9.1",
          "is-interactive": "is-interactive@1.0.0",
          "is-unicode-supported": "is-unicode-supported@0.1.0",
          "log-symbols": "log-symbols@4.1.0",
          "strip-ansi": "strip-ansi@6.0.1",
          "wcwidth": "wcwidth@1.0.1"
        }
      },
      "parse5-htmlparser2-tree-adapter@6.0.1": {
        "integrity": "sha512-qPuWvbLgvDGilKc5BoicRovlT4MtYT6JfJyBOMDsKoiT+GiuP5qyrPCnR9HcPECIJJmZh5jRndyNThnhhb/vlA==",
        "dependencies": {
          "parse5": "parse5@6.0.1"
        }
      },
      "parse5@5.1.1": {
        "integrity": "sha512-ugq4DFI0Ptb+WWjAdOK16+u/nHfiIrcE+sh8kZMaM0WllQKLI9rOUq6c2b7cwPkXdzfQESqvoqK6ug7U/Yyzug==",
        "dependencies": {}
      },
      "parse5@6.0.1": {
        "integrity": "sha512-Ofn/CTFzRGTTxwpNEs9PP93gXShHcTq255nzRYSKe8AkVpZY7e1fpmTfOyoIvjP5HG7Z2ZM7VS9PPhQGW2pOpw==",
        "dependencies": {}
      },
      "readable-stream@3.6.2": {
        "integrity": "sha512-9u/sniCrY3D5WdsERHzHE4G2YCXqoG5FTHUiCC4SIbr6XcLZBY05ya9EKjYek9O5xOAwjGq+1JdGBAS7Q9ScoA==",
        "dependencies": {
          "inherits": "inherits@2.0.4",
          "string_decoder": "string_decoder@1.3.0",
          "util-deprecate": "util-deprecate@1.0.2"
        }
      },
      "redeyed@2.1.1": {
        "integrity": "sha512-FNpGGo1DycYAdnrKFxCMmKYgo/mILAqtRYbkdQD8Ep/Hk2PQ5+aEAEx+IU713RTDmuBaH0c8P5ZozurNu5ObRQ==",
        "dependencies": {
          "esprima": "esprima@4.0.1"
        }
      },
      "require-directory@2.1.1": {
        "integrity": "sha512-fGxEI7+wsG9xrvdjsrlmL22OMTTiHRwAMroiEeMgq8gzoLC/PQr7RsRDSTLUg/bZAZtF+TVIkHc6/4RIKrui+Q==",
        "dependencies": {}
      },
      "restore-cursor@3.1.0": {
        "integrity": "sha512-l+sSefzHpj5qimhFSE5a8nufZYAM3sBSVMAPtYkmC+4EH2anSGaEMXSD0izRQbu9nfyQ9y5JrVmp7E8oZrUjvA==",
        "dependencies": {
          "onetime": "onetime@5.1.2",
          "signal-exit": "signal-exit@3.0.7"
        }
      },
      "safe-buffer@5.2.1": {
        "integrity": "sha512-rp3So07KcdmmKbGvgaNxQSJr7bGVSVk5S9Eq1F+ppbRo70+YeaDxkw5Dd8NPN+GD6bjnYm2VuPuCXmpuYvmCXQ==",
        "dependencies": {}
      },
      "signal-exit@3.0.7": {
        "integrity": "sha512-wnD2ZE+l+SPC/uoS0vXeE9L1+0wuaMqKlfz9AMUo38JsyLSBWSFcHR1Rri62LZc12vLr1gb3jl7iwQhgwpAbGQ==",
        "dependencies": {}
      },
      "string-width@4.2.3": {
        "integrity": "sha512-wKyQRQpjJ0sIp62ErSZdGsjMJWsap5oRNihHhu6G7JVO/9jIB6UyevL+tXuOqrng8j/cxKTWyWUwvSTriiZz/g==",
        "dependencies": {
          "emoji-regex": "emoji-regex@8.0.0",
          "is-fullwidth-code-point": "is-fullwidth-code-point@3.0.0",
          "strip-ansi": "strip-ansi@6.0.1"
        }
      },
      "string_decoder@1.3.0": {
        "integrity": "sha512-hkRX8U1WjJFd8LsDJ2yQ/wWWxaopEsABU1XfkM8A+j0+85JAGppt16cr1Whg6KIbb4okU6Mql6BOj+uup/wKeA==",
        "dependencies": {
          "safe-buffer": "safe-buffer@5.2.1"
        }
      },
      "strip-ansi@6.0.1": {
        "integrity": "sha512-Y38VPSHcqkFrCpFnQ9vuSXmquuv5oXOKpGeT6aGrr3o3Gc9AlVa6JBfUSOCnbxGGZF+/0ooI7KrPuUSztUdU5A==",
        "dependencies": {
          "ansi-regex": "ansi-regex@5.0.1"
        }
      },
      "supports-color@7.2.0": {
        "integrity": "sha512-qpCAvRl9stuOHveKsn7HncJRvv501qIacKzQlO/+Lwxc9+0q2wLyv4Dfvt80/DPn2pqOBsJdDiogXGR9+OvwRw==",
        "dependencies": {
          "has-flag": "has-flag@4.0.0"
        }
      },
      "supports-hyperlinks@2.3.0": {
        "integrity": "sha512-RpsAZlpWcDwOPQA22aCH4J0t7L8JmAvsCxfOSEwm7cQs3LshN36QaTkwd70DnBOXDWGssw2eUoc8CaRWT0XunA==",
        "dependencies": {
          "has-flag": "has-flag@4.0.0",
          "supports-color": "supports-color@7.2.0"
        }
      },
      "thenify-all@1.6.0": {
        "integrity": "sha512-RNxQH/qI8/t3thXJDwcstUO4zeqo64+Uy/+sNVRBx4Xn2OX+OZ9oP+iJnNFqplFra2ZUVeKCSa2oVWi3T4uVmA==",
        "dependencies": {
          "thenify": "thenify@3.3.1"
        }
      },
      "thenify@3.3.1": {
        "integrity": "sha512-RVZSIV5IG10Hk3enotrhvz0T9em6cyHBLkH/YAZuKqd8hRkKhSfCGIcP2KUY0EPxndzANBmNllzWPwak+bheSw==",
        "dependencies": {
          "any-promise": "any-promise@1.3.0"
        }
      },
      "type-fest@1.4.0": {
        "integrity": "sha512-yGSza74xk0UG8k+pLh5oeoYirvIiWo5t0/o3zHHAO2tRDiZcxWP7fywNlXhqb6/r6sWvwi+RsyQMWhVLe4BVuA==",
        "dependencies": {}
      },
      "util-deprecate@1.0.2": {
        "integrity": "sha512-EPD5q1uXyFxJpCrLnCc1nHnq3gOa6DZBocAIiI2TaSCA7VCJ1UJDMagCzIkXNsUYfD1daK//LTEQ8xiIbrHtcw==",
        "dependencies": {}
      },
      "wcwidth@1.0.1": {
        "integrity": "sha512-XHPEwS0q6TaxcvG85+8EYkbiCux2XtWG2mkc47Ng2A77BQu9+DqIOJldST4HgPkuea7dvKSj5VgX3P1d4rW8Tg==",
        "dependencies": {
          "defaults": "defaults@1.0.4"
        }
      },
      "wrap-ansi@7.0.0": {
        "integrity": "sha512-YVGIj2kamLSTxw6NsZjoBxfSwsn0ycdesmc4p+Q21c5zPuZ1pl+NfxVdxPtdHvmNVOQ6XSYG4AUtyt/Fi7D16Q==",
        "dependencies": {
          "ansi-styles": "ansi-styles@4.3.0",
          "string-width": "string-width@4.2.3",
          "strip-ansi": "strip-ansi@6.0.1"
        }
      },
      "y18n@5.0.8": {
        "integrity": "sha512-0pfFzegeDWJHJIAmTLRP2DwHjdF5s7jo9tuztdQxAhINCdvS+3nGINqPd00AphqJR/0LhANUS6/+7SCb98YOfA==",
        "dependencies": {}
      },
      "yargs-parser@20.2.9": {
        "integrity": "sha512-y11nGElTIV+CT3Zv9t7VKl+Q3hTQoT9a1Qzezhhl6Rp21gJ/IVTW7Z3y9EWXhuUBC2Shnf+DX0antecpAwSP8w==",
        "dependencies": {}
      },
      "yargs@16.2.0": {
        "integrity": "sha512-D1mvvtDG0L5ft/jGWkLpG1+m0eQxOfaBvTNELraWj22wSVUMWxZUvYgJYcKh6jGGIkJFhH4IZPQhR4TKpc8mBw==",
        "dependencies": {
          "cliui": "cliui@7.0.4",
          "escalade": "escalade@3.1.1",
          "get-caller-file": "get-caller-file@2.0.5",
          "require-directory": "require-directory@2.1.1",
          "string-width": "string-width@4.2.3",
          "y18n": "y18n@5.0.8",
          "yargs-parser": "yargs-parser@20.2.9"
        }
      }
    }
  },
  "redirects": {
    "https://deno.land/x/tty/mod.ts": "https://deno.land/x/tty@0.1.4/mod.ts"
  },
  "remote": {
    "https://cdn.skypack.dev/-/omggif@v1.0.10-x1xaPs90PtyYoJBD89az/dist=es2019,mode=imports/optimized/omggif.js": "55efa977e40ef6f0a4a1848ae84dd54c01807114552ed526be188a2b6b253c04",
    "https://cdn.skypack.dev/-/pako@v1.0.11-HN3j6r6YXxSYMQQ5YY76/dist=es2019,mode=imports/optimized/pako.js": "cb928ba393bdb8c8b9b6509a68975a00e43780ed2424bf0c6e020890dc546e4b",
    "https://cdn.skypack.dev/-/upng-js@v2.1.0-0HHmz2GI6WqeC7DqHucX/dist=es2019,mode=imports/optimized/upng-js.js": "99f35433192b5b4586ed2c9c3abd6b13f6acee751f18b98f45649de8bf3f1863",
    "https://cdn.skypack.dev/omggif": "3af60161a6acca1025cf1b3e6db3ebb8c4c3445b0520a3b43c0b9852cd5bcc10",
    "https://cdn.skypack.dev/upng-js@v2.1.0": "253a31fd69739b3bd04a652072d1fce06905122e21fbccf46af7bc4e95f9ca87",
    "https://deno.land/std@0.178.0/_util/asserts.ts": "178dfc49a464aee693a7e285567b3d0b555dc805ff490505a8aae34f9cfb1462",
    "https://deno.land/std@0.178.0/_util/os.ts": "d932f56d41e4f6a6093d56044e29ce637f8dcc43c5a90af43504a889cf1775e3",
    "https://deno.land/std@0.178.0/async/delay.ts": "73aa04cec034c84fc748c7be49bb15cac3dd43a57174bfdb7a4aec22c248f0dd",
    "https://deno.land/std@0.178.0/bytes/copy.ts": "939d89e302a9761dcf1d9c937c7711174ed74c59eef40a1e4569a05c9de88219",
    "https://deno.land/std@0.178.0/collections/filter_values.ts": "5b9feaf17b9a6e5ffccdd36cf6f38fa4ffa94cff2602d381c2ad0c2a97929652",
    "https://deno.land/std@0.178.0/collections/without_all.ts": "a89f5da0b5830defed4f59666e188df411d8fece35a5f6ca69be6ca71a95c185",
    "https://deno.land/std@0.178.0/dotenv/mod.ts": "8dcbc8a40b896a0bf094582aaeadbfc76d3528872faf2efc0302beb1d2f6afd0",
    "https://deno.land/std@0.178.0/encoding/_yaml/dumper/dumper.ts": "49053c293a2250b33f2efc0ce3973280c6dc3bc0b41397af3863b5f03340e01b",
    "https://deno.land/std@0.178.0/encoding/_yaml/dumper/dumper_state.ts": "975a3702752a29251c5746206507dfebbfede60dd2c0dec161dc22633fbc6085",
    "https://deno.land/std@0.178.0/encoding/_yaml/error.ts": "e60ab51d7c0253cf0d1cf7d445202e8e3da5c77aae0032071ba7400121c281b4",
    "https://deno.land/std@0.178.0/encoding/_yaml/loader/loader.ts": "13ec5aecca06b46105c1ca7053c13ef7ea7ab557893a81bc98338a0a532f27fe",
    "https://deno.land/std@0.178.0/encoding/_yaml/loader/loader_state.ts": "fcc82fcdf167acb0e9e5e32b32682e58b45f2d44210bf685794797ccb5621232",
    "https://deno.land/std@0.178.0/encoding/_yaml/mark.ts": "0027d6f62a70a6c64b85bd1751ddf1646ea97edcefbf5bea1706d5e519f4e34f",
    "https://deno.land/std@0.178.0/encoding/_yaml/parse.ts": "63e79582e07145ca1d3205d1ac72b82bf5ce14159dabae195abe7e36de8111bd",
    "https://deno.land/std@0.178.0/encoding/_yaml/schema.ts": "0833c75c59bf72c8a8f96f6c0615bcd98d23fdd9b076657f42b5c1a4f9d972b0",
    "https://deno.land/std@0.178.0/encoding/_yaml/schema/core.ts": "366f56673336ba24f5723c04319efcc7471be5f55d5f8d95c9b4a38ec233d4c6",
    "https://deno.land/std@0.178.0/encoding/_yaml/schema/default.ts": "96e9ed6ead36f53a0832c542fc9b8cca7f8b4a67c1c8424e1423a39ee7154db7",
    "https://deno.land/std@0.178.0/encoding/_yaml/schema/extended.ts": "f9bd75c79ebdfb92a8e167488b6bde7113a31b8fabe20ad7eed0904fba11bcd2",
    "https://deno.land/std@0.178.0/encoding/_yaml/schema/failsafe.ts": "cddcbf0258bbe0cd77ca10e2f5aec13439f50d4068f96aab08ca2d64496dabe8",
    "https://deno.land/std@0.178.0/encoding/_yaml/schema/json.ts": "c86905dfb1b6c4633750bfbb5bd529a30be5c08287ab7eb6694390b40e276487",
    "https://deno.land/std@0.178.0/encoding/_yaml/schema/mod.ts": "051f93dd97a15aaad2da62bd24627e8fd2f02fb026d21567d924b720d606f078",
    "https://deno.land/std@0.178.0/encoding/_yaml/state.ts": "ef03d55ec235d48dcfbecc0ab3ade90bfae69a61094846e08003421c2cf5cfc6",
    "https://deno.land/std@0.178.0/encoding/_yaml/stringify.ts": "426b73e4dbaeed26ed855add3862786d7e374bd4c59e5e1bd9a6fcd5082be3c7",
    "https://deno.land/std@0.178.0/encoding/_yaml/type.ts": "5ded5472a0f17a219ac3b0e90d96dc8472a68654a40258a31e03a6c6297b6788",
    "https://deno.land/std@0.178.0/encoding/_yaml/type/binary.ts": "935d39794420ac3718d26716192239de6a53566c6f2ba5010e8ed26936b94a89",
    "https://deno.land/std@0.178.0/encoding/_yaml/type/bool.ts": "1c99cfbaa94b022575b636a73e1549569b26fc6bbff2cd5e539aa77b49bdf303",
    "https://deno.land/std@0.178.0/encoding/_yaml/type/float.ts": "f60ad19b27050add694bfc255b7efef27103f047861aa657823ff3f6853bad11",
    "https://deno.land/std@0.178.0/encoding/_yaml/type/function.ts": "65a37f6bef43ef141854ee48a1058d9c9c4c80ed6eed6cd35608329a6957e27a",
    "https://deno.land/std@0.178.0/encoding/_yaml/type/int.ts": "892f59bb7b2dbd64dd9b643c17441af95c0b962ad027e454cb84a68864787b86",
    "https://deno.land/std@0.178.0/encoding/_yaml/type/map.ts": "92e647a6aec0dc184ea4b039a77a15883b54da754311189c595b43f6aaa50030",
    "https://deno.land/std@0.178.0/encoding/_yaml/type/merge.ts": "8192bf3e4d637f32567917f48bb276043da9cf729cf594e5ec191f7cd229337e",
    "https://deno.land/std@0.178.0/encoding/_yaml/type/mod.ts": "060e2b3d38725094b77ea3a3f05fc7e671fced8e67ca18e525be98c4aa8f4bbb",
    "https://deno.land/std@0.178.0/encoding/_yaml/type/nil.ts": "606e8f0c44d73117c81abec822f89ef81e40f712258c74f186baa1af659b8887",
    "https://deno.land/std@0.178.0/encoding/_yaml/type/omap.ts": "fbd5da9970c211335ff7c8fa11e9c5e9256e568d52418ac237d1538c5cb0d5e6",
    "https://deno.land/std@0.178.0/encoding/_yaml/type/pairs.ts": "ea487a44c0ae64d8d952779fa1cb5fa0a12f32a0b5d3d1e8c1f06f446448427c",
    "https://deno.land/std@0.178.0/encoding/_yaml/type/regexp.ts": "672000d22a1062d61577d30b218c28f5cb1d039a7a60079fdde6a4e558d5ca51",
    "https://deno.land/std@0.178.0/encoding/_yaml/type/seq.ts": "39b28f7c7aa41263c5c42cab9d184f03555e9ba19493766afc0c0c325a9ac49f",
    "https://deno.land/std@0.178.0/encoding/_yaml/type/set.ts": "0e30a9f750306b514c8ae9869d1ac2548d57beab55b33e85ea9673ca0a08264c",
    "https://deno.land/std@0.178.0/encoding/_yaml/type/str.ts": "a67a3c6e429d95041399e964015511779b1130ea5889fa257c48457bd3446e31",
    "https://deno.land/std@0.178.0/encoding/_yaml/type/timestamp.ts": "706ea80a76a73e48efaeb400ace087da1f927647b53ad6f754f4e06d51af087f",
    "https://deno.land/std@0.178.0/encoding/_yaml/type/undefined.ts": "94a316ca450597ccbc6750cbd79097ad0d5f3a019797eed3c841a040c29540ba",
    "https://deno.land/std@0.178.0/encoding/_yaml/utils.ts": "26b311f0d42a7ce025060bd6320a68b50e52fd24a839581eb31734cd48e20393",
    "https://deno.land/std@0.178.0/encoding/front_matter/mod.ts": "086d2c2f20e8b20bad9c02daa270333439441c1509959c79f7ab792dff394b39",
    "https://deno.land/std@0.178.0/encoding/front_matter/yaml.ts": "c0293a9599dd5a8af53a1567c829eb23c35f364744ae7b19a3cd28c6e6b3c68d",
    "https://deno.land/std@0.178.0/encoding/yaml.ts": "02571d1bbbcfd7c5647789cee872ecf9c1c470e1b1a40948ed219fb661e19d87",
    "https://deno.land/std@0.178.0/flags/mod.ts": "d1cdefa18472ef69858a17df5cf7c98445ed27ac10e1460183081303b0ebc270",
    "https://deno.land/std@0.178.0/fmt/colors.ts": "938c5d44d889fb82eff6c358bea8baa7e85950a16c9f6dae3ec3a7a729164471",
    "https://deno.land/std@0.178.0/fs/_util.ts": "65381f341af1ff7f40198cee15c20f59951ac26e51ddc651c5293e24f9ce6f32",
    "https://deno.land/std@0.178.0/fs/copy.ts": "14214efd94fc3aa6db1e4af2b4b9578e50f7362b7f3725d5a14ad259a5df26c8",
    "https://deno.land/std@0.178.0/fs/empty_dir.ts": "c3d2da4c7352fab1cf144a1ecfef58090769e8af633678e0f3fabaef98594688",
    "https://deno.land/std@0.178.0/fs/ensure_dir.ts": "724209875497a6b4628dfb256116e5651c4f7816741368d6c44aab2531a1e603",
    "https://deno.land/std@0.178.0/fs/ensure_file.ts": "c38602670bfaf259d86ca824a94e6cb9e5eb73757fefa4ebf43a90dd017d53d9",
    "https://deno.land/std@0.178.0/fs/ensure_link.ts": "c0f5b2f0ec094ed52b9128eccb1ee23362a617457aa0f699b145d4883f5b2fb4",
    "https://deno.land/std@0.178.0/fs/ensure_symlink.ts": "2955cc8332aeca9bdfefd05d8d3976b94e282b0f353392a71684808ed2ffdd41",
    "https://deno.land/std@0.178.0/fs/eol.ts": "f1f2eb348a750c34500741987b21d65607f352cf7205f48f4319d417fff42842",
    "https://deno.land/std@0.178.0/fs/exists.ts": "b8c8a457b71e9d7f29b9d2f87aad8dba2739cbe637e8926d6ba6e92567875f8e",
    "https://deno.land/std@0.178.0/fs/expand_glob.ts": "45d17e89796a24bd6002e4354eda67b4301bb8ba67d2cac8453cdabccf1d9ab0",
    "https://deno.land/std@0.178.0/fs/mod.ts": "bc3d0acd488cc7b42627044caf47d72019846d459279544e1934418955ba4898",
    "https://deno.land/std@0.178.0/fs/move.ts": "4cb47f880e3f0582c55e71c9f8b1e5e8cfaacb5e84f7390781dd563b7298ec19",
    "https://deno.land/std@0.178.0/fs/walk.ts": "ea95ffa6500c1eda6b365be488c056edc7c883a1db41ef46ec3bf057b1c0fe32",
    "https://deno.land/std@0.178.0/io/buffer.ts": "e2b7564f684dad625cab08f5106f33572d325705d19a36822b3272fbdfb8f726",
    "https://deno.land/std@0.178.0/media_types/_db.ts": "7606d83e31f23ce1a7968cbaee852810c2cf477903a095696cdc62eaab7ce570",
    "https://deno.land/std@0.178.0/media_types/_util.ts": "916efbd30b6148a716f110e67a4db29d6949bf4048997b754415dd7e42c52378",
    "https://deno.land/std@0.178.0/media_types/content_type.ts": "c682589a0aeb016bfed355cc1ed6fbb3ead2ea48fc0000ac5de6a5730613ad1c",
    "https://deno.land/std@0.178.0/media_types/extension.ts": "7a4ef2813d7182f724a941f38161525996e4a67abc3cf6a0f9bc2168d73a0f0e",
    "https://deno.land/std@0.178.0/media_types/extensions_by_type.ts": "4358023feac696e6e9d49c0f1e76a859f03ca254df57812f31f8536890c3a443",
    "https://deno.land/std@0.178.0/media_types/format_media_type.ts": "1e35e16562e5c417401ffc388a9f8f421f97f0ee06259cbe990c51bae4e6c7a8",
    "https://deno.land/std@0.178.0/media_types/get_charset.ts": "8be15a1fd31a545736b91ace56d0e4c66ea0d7b3fdc5c90760e8202e7b4b1fad",
    "https://deno.land/std@0.178.0/media_types/mod.ts?source=cli": "d3f0b99f85053bc0b98ecc24eaa3546dfa09b856dc0bbaf60d8956d2cdd710c8",
    "https://deno.land/std@0.178.0/media_types/parse_media_type.ts": "bed260d868ea271445ae41d748e7afed9b5a7f407d2777ead08cecf73e9278de",
    "https://deno.land/std@0.178.0/media_types/type_by_extension.ts": "6076a7fc63181d70f92ec582fdea2c927eb2cfc7f9c9bee9d6add2aca86f2355",
    "https://deno.land/std@0.178.0/media_types/vendor/mime-db.v1.52.0.ts": "6925bbcae81ca37241e3f55908d0505724358cda3384eaea707773b2c7e99586",
    "https://deno.land/std@0.178.0/path/_constants.ts": "e49961f6f4f48039c0dfed3c3f93e963ca3d92791c9d478ac5b43183413136e0",
    "https://deno.land/std@0.178.0/path/_interface.ts": "6471159dfbbc357e03882c2266d21ef9afdb1e4aa771b0545e90db58a0ba314b",
    "https://deno.land/std@0.178.0/path/_util.ts": "d7abb1e0dea065f427b89156e28cdeb32b045870acdf865833ba808a73b576d0",
    "https://deno.land/std@0.178.0/path/common.ts": "ee7505ab01fd22de3963b64e46cff31f40de34f9f8de1fff6a1bd2fe79380000",
    "https://deno.land/std@0.178.0/path/glob.ts": "d479e0a695621c94d3fd7fe7abd4f9499caf32a8de13f25073451c6ef420a4e1",
    "https://deno.land/std@0.178.0/path/mod.ts": "4b83694ac500d7d31b0cdafc927080a53dc0c3027eb2895790fb155082b0d232",
    "https://deno.land/std@0.178.0/path/posix.ts": "8b7c67ac338714b30c816079303d0285dd24af6b284f7ad63da5b27372a2c94d",
    "https://deno.land/std@0.178.0/path/separator.ts": "0fb679739d0d1d7bf45b68dacfb4ec7563597a902edbaf3c59b50d5bcadd93b1",
    "https://deno.land/std@0.178.0/path/win32.ts": "d186344e5583bcbf8b18af416d13d82b35a317116e6460a5a3953508c3de5bba",
    "https://deno.land/std@0.178.0/testing/_diff.ts": "1a3c044aedf77647d6cac86b798c6417603361b66b54c53331b312caeb447aea",
    "https://deno.land/std@0.178.0/testing/_format.ts": "a69126e8a469009adf4cf2a50af889aca364c349797e63174884a52ff75cf4c7",
    "https://deno.land/std@0.178.0/testing/asserts.ts": "984ab0bfb3faeed92ffaa3a6b06536c66811185328c5dd146257c702c41b01ab",
    "https://deno.land/std@0.213.0/assert/_constants.ts": "a271e8ef5a573f1df8e822a6eb9d09df064ad66a4390f21b3e31f820a38e0975",
    "https://deno.land/std@0.213.0/assert/_diff.ts": "dcc63d94ca289aec80644030cf88ccbf7acaa6fbd7b0f22add93616b36593840",
    "https://deno.land/std@0.213.0/assert/_format.ts": "0ba808961bf678437fb486b56405b6fefad2cf87b5809667c781ddee8c32aff4",
    "https://deno.land/std@0.213.0/assert/assert.ts": "bec068b2fccdd434c138a555b19a2c2393b71dfaada02b7d568a01541e67cdc5",
    "https://deno.land/std@0.213.0/assert/assert_almost_equals.ts": "8b96b7385cc117668b0720115eb6ee73d04c9bcb2f5d2344d674918c9113688f",
    "https://deno.land/std@0.213.0/assert/assert_array_includes.ts": "1688d76317fd45b7e93ef9e2765f112fdf2b7c9821016cdfb380b9445374aed1",
    "https://deno.land/std@0.213.0/assert/assert_equals.ts": "4497c56fe7d2993b0d447926702802fc0becb44e319079e8eca39b482ee01b4e",
    "https://deno.land/std@0.213.0/assert/assert_exists.ts": "24a7bf965e634f909242cd09fbaf38bde6b791128ece08e33ab08586a7cc55c9",
    "https://deno.land/std@0.213.0/assert/assert_false.ts": "6f382568e5128c0f855e5f7dbda8624c1ed9af4fcc33ef4a9afeeedcdce99769",
    "https://deno.land/std@0.213.0/assert/assert_greater.ts": "4945cf5729f1a38874d7e589e0fe5cc5cd5abe5573ca2ddca9d3791aa891856c",
    "https://deno.land/std@0.213.0/assert/assert_greater_or_equal.ts": "573ed8823283b8d94b7443eb69a849a3c369a8eb9666b2d1db50c33763a5d219",
    "https://deno.land/std@0.213.0/assert/assert_instance_of.ts": "72dc1faff1e248692d873c89382fa1579dd7b53b56d52f37f9874a75b11ba444",
    "https://deno.land/std@0.213.0/assert/assert_is_error.ts": "6596f2b5ba89ba2fe9b074f75e9318cda97a2381e59d476812e30077fbdb6ed2",
    "https://deno.land/std@0.213.0/assert/assert_less.ts": "2b4b3fe7910f65f7be52212f19c3977ecb8ba5b2d6d0a296c83cde42920bb005",
    "https://deno.land/std@0.213.0/assert/assert_less_or_equal.ts": "b93d212fe669fbde959e35b3437ac9a4468f2e6b77377e7b6ea2cfdd825d38a0",
    "https://deno.land/std@0.213.0/assert/assert_match.ts": "ec2d9680ed3e7b9746ec57ec923a17eef6d476202f339ad91d22277d7f1d16e1",
    "https://deno.land/std@0.213.0/assert/assert_not_equals.ts": "f3edda73043bc2c9fae6cbfaa957d5c69bbe76f5291a5b0466ed132c8789df4c",
    "https://deno.land/std@0.213.0/assert/assert_not_instance_of.ts": "8f720d92d83775c40b2542a8d76c60c2d4aeddaf8713c8d11df8984af2604931",
    "https://deno.land/std@0.213.0/assert/assert_not_match.ts": "b4b7c77f146963e2b673c1ce4846473703409eb93f5ab0eb60f6e6f8aeffe39f",
    "https://deno.land/std@0.213.0/assert/assert_not_strict_equals.ts": "da0b8ab60a45d5a9371088378e5313f624799470c3b54c76e8b8abeec40a77be",
    "https://deno.land/std@0.213.0/assert/assert_object_match.ts": "e85e5eef62a56ce364c3afdd27978ccab979288a3e772e6855c270a7b118fa49",
    "https://deno.land/std@0.213.0/assert/assert_rejects.ts": "e9e0c8d9c3e164c7ac962c37b3be50577c5a2010db107ed272c4c1afb1269f54",
    "https://deno.land/std@0.213.0/assert/assert_strict_equals.ts": "0425a98f70badccb151644c902384c12771a93e65f8ff610244b8147b03a2366",
    "https://deno.land/std@0.213.0/assert/assert_string_includes.ts": "dfb072a890167146f8e5bdd6fde887ce4657098e9f71f12716ef37f35fb6f4a7",
    "https://deno.land/std@0.213.0/assert/assert_throws.ts": "edddd86b39606c342164b49ad88dd39a26e72a26655e07545d172f164b617fa7",
    "https://deno.land/std@0.213.0/assert/assertion_error.ts": "9f689a101ee586c4ce92f52fa7ddd362e86434ffdf1f848e45987dc7689976b8",
    "https://deno.land/std@0.213.0/assert/equal.ts": "fae5e8a52a11d3ac694bbe1a53e13a7969e3f60791262312e91a3e741ae519e2",
    "https://deno.land/std@0.213.0/assert/fail.ts": "f310e51992bac8e54f5fd8e44d098638434b2edb802383690e0d7a9be1979f1c",
    "https://deno.land/std@0.213.0/assert/mod.ts": "325df8c0683ad83a873b9691aa66b812d6275fc9fec0b2d180ac68a2c5efed3b",
    "https://deno.land/std@0.213.0/assert/unimplemented.ts": "47ca67d1c6dc53abd0bd729b71a31e0825fc452dbcd4fde4ca06789d5644e7fd",
    "https://deno.land/std@0.213.0/assert/unreachable.ts": "38cfecb95d8b06906022d2f9474794fca4161a994f83354fd079cac9032b5145",
    "https://deno.land/std@0.213.0/fmt/colors.ts": "aeaee795471b56fc62a3cb2e174ed33e91551b535f44677f6320336aabb54fbb",
    "https://deno.land/std@0.77.0/_util/assert.ts": "e1f76e77c5ccb5a8e0dbbbe6cce3a56d2556c8cb5a9a8802fc9565af72462149",
    "https://deno.land/std@0.77.0/flags/mod.ts": "1beaf22677d1d5fe13fb15b08552065aea032bca4a9664b73cad618d2c1f34ed",
    "https://deno.land/std@0.77.0/fmt/colors.ts": "c5665c66f1a67228f21c5989bbb04b36d369b98dd7ceac06f5e26856c81c2531",
    "https://deno.land/std@0.97.0/_util/assert.ts": "2f868145a042a11d5ad0a3c748dcf580add8a0dbc0e876eaa0026303a5488f58",
    "https://deno.land/std@0.97.0/_util/os.ts": "e282950a0eaa96760c0cf11e7463e66babd15ec9157d4c9ed49cc0925686f6a7",
    "https://deno.land/std@0.97.0/fs/exists.ts": "b0d2e31654819cc2a8d37df45d6b14686c0cc1d802e9ff09e902a63e98b85a00",
    "https://deno.land/std@0.97.0/path/_constants.ts": "1247fee4a79b70c89f23499691ef169b41b6ccf01887a0abd131009c5581b853",
    "https://deno.land/std@0.97.0/path/_interface.ts": "1fa73b02aaa24867e481a48492b44f2598cd9dfa513c7b34001437007d3642e4",
    "https://deno.land/std@0.97.0/path/_util.ts": "2e06a3b9e79beaf62687196bd4b60a4c391d862cfa007a20fc3a39f778ba073b",
    "https://deno.land/std@0.97.0/path/common.ts": "eaf03d08b569e8a87e674e4e265e099f237472b6fd135b3cbeae5827035ea14a",
    "https://deno.land/std@0.97.0/path/glob.ts": "314ad9ff263b895795208cdd4d5e35a44618ca3c6dd155e226fb15d065008652",
    "https://deno.land/std@0.97.0/path/mod.ts": "4465dc494f271b02569edbb4a18d727063b5dbd6ed84283ff906260970a15d12",
    "https://deno.land/std@0.97.0/path/posix.ts": "f56c3c99feb47f30a40ce9d252ef6f00296fa7c0fcb6dd81211bdb3b8b99ca3b",
    "https://deno.land/std@0.97.0/path/separator.ts": "8fdcf289b1b76fd726a508f57d3370ca029ae6976fcde5044007f062e643ff1c",
    "https://deno.land/std@0.97.0/path/win32.ts": "77f7b3604e0de40f3a7c698e8a79e7f601dc187035a1c21cb1e596666ce112f8",
    "https://deno.land/x/eta@v1.12.3/compile-string.ts": "ecd6c10c1f826107758c1d7bbbb609cefeb98f0d6b1f6c7e1088d81febc07f9d",
    "https://deno.land/x/eta@v1.12.3/compile.ts": "f70e124ef6fc95a359b735dcf73dde5815b0f89611877f5c124f317e0dcff7bc",
    "https://deno.land/x/eta@v1.12.3/config.ts": "07f2e9f7e7aa135d7e8975b515624fb1831d3f242aa0d5b4b85032fc16dc48e5",
    "https://deno.land/x/eta@v1.12.3/containers.ts": "c584fb0daa77c11d31ccb74256adad116354411d030378a04e9745c358a3a453",
    "https://deno.land/x/eta@v1.12.3/err.ts": "7ca5fc2dc4bc222c755f155a9926e56404946fd084a1b0878b0a99d9327ea7dd",
    "https://deno.land/x/eta@v1.12.3/file-handlers.ts": "aa94b1f185fb9936960cb67faf8b819c754337cfaebc7cd1d24880f8f5386db2",
    "https://deno.land/x/eta@v1.12.3/file-helpers.ts": "4f031d275be10888ce0b7f99e3509e8cbef24bb4d5f1ebb1760659e41bb538f0",
    "https://deno.land/x/eta@v1.12.3/file-methods.ts": "c93afbbfa82c318db65c4d6b4e7f617efc6f04d7c2603cfd07ee2768b80ae1f5",
    "https://deno.land/x/eta@v1.12.3/file-utils.ts": "2a8dd25cc89d57b16df5142bf19350f056d2786ea664814c476e0c36e0f08171",
    "https://deno.land/x/eta@v1.12.3/mod.ts": "31219e28b55d1ff1777ef0e5513ea3588ebd5f220b512212334ec470030c2e39",
    "https://deno.land/x/eta@v1.12.3/parse.ts": "df29b6ae1fbdcba15295f8f07ed272b2c1f9927bc716f2863b18971d641f7506",
    "https://deno.land/x/eta@v1.12.3/polyfills.ts": "048f697fdf0ef002cc59cf7a69cf370e11877c3b7f9c0b68dd84ab4762e0ffdc",
    "https://deno.land/x/eta@v1.12.3/render.ts": "9173e99002a4169aeae45315bdd07cf4664c8dd9e39ce86d5c7daa989982f90c",
    "https://deno.land/x/eta@v1.12.3/storage.ts": "46f762d1c04d9095ed6fb694c0d993e9ae507a69bab469a5a3bd23a5a9a79983",
    "https://deno.land/x/eta@v1.12.3/utils.ts": "77ba806398590f4aff0ca1ea9485e769ba578eeb8776b4f2386067c9735b96c1",
    "https://deno.land/x/gutenberg@0.1.5/ansi/regex/mod.ts": "b5069414400ed83dafbdbba76afa829de0d9d49b95ced1545f888980225fb1c8",
    "https://deno.land/x/gutenberg@0.1.5/ansi/strip/mod.ts": "17cdfabd46c0df7e194e19a18402a7bf66a61e4d7f3cb660eb3f7ad11160539a",
    "https://deno.land/x/gutenberg@0.1.5/unicode/emoji_regex/mod.ts": "3fbb0771857c27e5cee9aa0c71222ed7d6d762447ec66a6e5a51b95e1a9da369",
    "https://deno.land/x/gutenberg@0.1.5/unicode/is_fullwidth/mod.ts": "3badd59dad2e0508d03e205610657bee616aaf60198a647f205de23f5da54328",
    "https://deno.land/x/gutenberg@0.1.5/unicode/width/mod.ts": "4a1ed9cb036e68028651a2cc9de31beedc242e074f1604afbf85924f656bffd3",
    "https://deno.land/x/jpegts@1.1/lib/decoder.ts": "b8823ee917fc99a1e085c353b2cd4ca1fbaacaaf1f80be94175e42487666c822",
    "https://deno.land/x/jpegts@1.1/lib/encoder.ts": "d75fc5ae88f77e1fa349af08d7a46937add31a03b6d3605ff4d2e3303eb32b3b",
    "https://deno.land/x/jpegts@1.1/lib/image.ts": "32255e99b6c1bf4e72e13367516a0d878ba9d195d81fac1f145ce4c11e951962",
    "https://deno.land/x/jpegts@1.1/lib/pixel.ts": "19f7f28f09514157be87d01d1d12915cc17c787d8c1707899d2f5570ac6a12fe",
    "https://deno.land/x/jpegts@1.1/mod.ts": "2014257f7269bcc822a4d6eb871e5002b347f13a641c12d45c1a61586374f127",
    "https://deno.land/x/ms@v0.1.0/ms.ts": "13014fdf12808df48f6e557cc3be22d24db5b8e29b687d710f9012df3428d2c8",
    "https://deno.land/x/terminal_images@3.0.0/decode.ts": "83e662d94c3ec82b584d983de8ad0151f5ce767954fe905213b539c499c632cb",
    "https://deno.land/x/terminal_images@3.0.0/deps.ts": "0f6683edd488c242837157ddbcb0aced2f0265d703951be07dca14a7de3f2580",
    "https://deno.land/x/terminal_images@3.0.0/mod.ts": "d0edb75eee3d97e8aa49b0d84a4eff4f1b2b56cff13a6c2e3e54336b765c1edc",
    "https://deno.land/x/tty@0.1.4/ansi_regex.ts": "1d3b0c7289164f93c9ebafe3bbd05a723568a250cc5c29c0cc922ff55af9a238",
    "https://deno.land/x/tty@0.1.4/combining.ts": "a615e9479d8bc901e3a727e5cae83c0aa1d4ca1e75fa040861d9905d16b30ffc",
    "https://deno.land/x/tty@0.1.4/is_interactive.ts": "37080d92399827215e60a57d97013aefbdbc038e7a5d2346abd298a7010525e6",
    "https://deno.land/x/tty@0.1.4/mod.ts": "65f44c03d7c3daee2b87c6a2a20b0653dec9e3b4ece8183bb0a82233a0e05ff0",
    "https://deno.land/x/tty@0.1.4/strip_ansi.ts": "6671d8d44da192a713aac06fb9a0959a3c0b11a161438fdf540856e2208857d9",
    "https://deno.land/x/tty@0.1.4/tty_async.ts": "cbcdc8132754084153680dd3fbc73acb58e0b9232aff09897a46edcf6f637967",
    "https://deno.land/x/tty@0.1.4/tty_sync.ts": "ad5d986dbd561e5768c49bf48a54580521bdfe95aa41869e8c84d99dbae0ff08",
    "https://deno.land/x/tty@0.1.4/util.ts": "fd50eb009b46f01461f3d38decaf4366c4970bbd818edc39b58a574efe67dbb7",
    "https://deno.land/x/tty@0.1.4/wcwidth.ts": "ab712adbbe4a07c27cc0ab89b99c3a77d28fe911c0fd1c8cebd867efc1fb4416"
  }
}
